
Microsoft Visual Studio Solution File, Format Version 12.00
# Visual Studio 14
VisualStudioVersion = 14.0.23107.0
MinimumVisualStudioVersion = 10.0.40219.1
Project("{FAE04EC0-301F-11D3-BF4B-00C04F79EFBC}") = "ffms2-console", "src\ffms2-console\ffms2-console.csproj", "{A6B1C17D-9E00-43CF-A215-9D75C950A8E8}"
EndProject
Project("{FAE04EC0-301F-11D3-BF4B-00C04F79EFBC}") = "FFMSsharp", "..\FFMSSharp\FFMSsharp\FFMSsharp.csproj", "{303CA7DC-1B7E-45BE-9A90-A37D72CE4791}"
EndProject
Project("{FAE04EC0-301F-11D3-BF4B-00C04F79EFBC}") = "TestClient", "src\TestClient\TestClient.csproj", "{B841B9D1-C817-409F-B52E-C2A00E7EBC25}"
	ProjectSection(ProjectDependencies) = postProject
		{A6B1C17D-9E00-43CF-A215-9D75C950A8E8} = {A6B1C17D-9E00-43CF-A215-9D75C950A8E8}
		{303CA7DC-1B7E-45BE-9A90-A37D72CE4791} = {303CA7DC-1B7E-45BE-9A90-A37D72CE4791}
	EndProjectSection
EndProject
Project("{FAE04EC0-301F-11D3-BF4B-00C04F79EFBC}") = "ffms2-console-ipc", "..\ffms2-console-ipc\src\ffms2-console-ipc\ffms2-console-ipc.csproj", "{8008A426-5C43-44DD-9AF1-E73B5D058990}"
EndProject
Project("{8BC9CEB8-8B4A-11D0-8D11-00A0C91BC942}") = "sdl-display", "src\sdl-display\sdl-display.vcxproj", "{950C10B3-E573-4B55-BF99-FDAEB4460BEB}"
EndProject
Global
	GlobalSection(SolutionConfigurationPlatforms) = preSolution
		Debug|Any CPU = Debug|Any CPU
		Debug|Mixed Platforms = Debug|Mixed Platforms
		Debug|x64 = Debug|x64
		Debug|x86 = Debug|x86
		Release|Any CPU = Release|Any CPU
		Release|Mixed Platforms = Release|Mixed Platforms
		Release|x64 = Release|x64
		Release|x86 = Release|x86
	EndGlobalSection
	GlobalSection(ProjectConfigurationPlatforms) = postSolution
		{A6B1C17D-9E00-43CF-A215-9D75C950A8E8}.Debug|Any CPU.ActiveCfg = Debug|Any CPU
		{A6B1C17D-9E00-43CF-A215-9D75C950A8E8}.Debug|Any CPU.Build.0 = Debug|Any CPU
		{A6B1C17D-9E00-43CF-A215-9D75C950A8E8}.Debug|Mixed Platforms.ActiveCfg = Debug|Any CPU
		{A6B1C17D-9E00-43CF-A215-9D75C950A8E8}.Debug|Mixed Platforms.Build.0 = Debug|Any CPU
		{A6B1C17D-9E00-43CF-A215-9D75C950A8E8}.Debug|x64.ActiveCfg = Debug|x64
		{A6B1C17D-9E00-43CF-A215-9D75C950A8E8}.Debug|x64.Build.0 = Debug|x64
		{A6B1C17D-9E00-43CF-A215-9D75C950A8E8}.Debug|x86.ActiveCfg = Debug|x86
		{A6B1C17D-9E00-43CF-A215-9D75C950A8E8}.Debug|x86.Build.0 = Debug|x86
		{A6B1C17D-9E00-43CF-A215-9D75C950A8E8}.Release|Any CPU.ActiveCfg = Release|Any CPU
		{A6B1C17D-9E00-43CF-A215-9D75C950A8E8}.Release|Any CPU.Build.0 = Release|Any CPU
		{A6B1C17D-9E00-43CF-A215-9D75C950A8E8}.Release|Mixed Platforms.ActiveCfg = Release|Any CPU
		{A6B1C17D-9E00-43CF-A215-9D75C950A8E8}.Release|Mixed Platforms.Build.0 = Release|Any CPU
		{A6B1C17D-9E00-43CF-A215-9D75C950A8E8}.Release|x64.ActiveCfg = Release|x64
		{A6B1C17D-9E00-43CF-A215-9D75C950A8E8}.Release|x64.Build.0 = Release|x64
		{A6B1C17D-9E00-43CF-A215-9D75C950A8E8}.Release|x86.ActiveCfg = Release|x86
		{A6B1C17D-9E00-43CF-A215-9D75C950A8E8}.Release|x86.Build.0 = Release|x86
		{303CA7DC-1B7E-45BE-9A90-A37D72CE4791}.Debug|Any CPU.ActiveCfg = Debug|Any CPU
		{303CA7DC-1B7E-45BE-9A90-A37D72CE4791}.Debug|Any CPU.Build.0 = Debug|Any CPU
		{303CA7DC-1B7E-45BE-9A90-A37D72CE4791}.Debug|Mixed Platforms.ActiveCfg = Debug|Any CPU
		{303CA7DC-1B7E-45BE-9A90-A37D72CE4791}.Debug|Mixed Platforms.Build.0 = Debug|Any CPU
		{303CA7DC-1B7E-45BE-9A90-A37D72CE4791}.Debug|x64.ActiveCfg = Debug|Any CPU
		{303CA7DC-1B7E-45BE-9A90-A37D72CE4791}.Debug|x86.ActiveCfg = Debug|Any CPU
		{303CA7DC-1B7E-45BE-9A90-A37D72CE4791}.Debug|x86.Build.0 = Debug|Any CPU
		{303CA7DC-1B7E-45BE-9A90-A37D72CE4791}.Release|Any CPU.ActiveCfg = Release|Any CPU
		{303CA7DC-1B7E-45BE-9A90-A37D72CE4791}.Release|Any CPU.Build.0 = Release|Any CPU
		{303CA7DC-1B7E-45BE-9A90-A37D72CE4791}.Release|Mixed Platforms.ActiveCfg = Release|Any CPU
		{303CA7DC-1B7E-45BE-9A90-A37D72CE4791}.Release|Mixed Platforms.Build.0 = Release|Any CPU
		{303CA7DC-1B7E-45BE-9A90-A37D72CE4791}.Release|x64.ActiveCfg = Release|Any CPU
		{303CA7DC-1B7E-45BE-9A90-A37D72CE4791}.Release|x86.ActiveCfg = Release|Any CPU
		{B841B9D1-C817-409F-B52E-C2A00E7EBC25}.Debug|Any CPU.ActiveCfg = Debug|Any CPU
		{B841B9D1-C817-409F-B52E-C2A00E7EBC25}.Debug|Any CPU.Build.0 = Debug|Any CPU
		{B841B9D1-C817-409F-B52E-C2A00E7EBC25}.Debug|Mixed Platforms.ActiveCfg = Debug|Any CPU
		{B841B9D1-C817-409F-B52E-C2A00E7EBC25}.Debug|Mixed Platforms.Build.0 = Debug|Any CPU
		{B841B9D1-C817-409F-B52E-C2A00E7EBC25}.Debug|x64.ActiveCfg = Debug|Any CPU
		{B841B9D1-C817-409F-B52E-C2A00E7EBC25}.Debug|x86.ActiveCfg = Debug|Any CPU
		{B841B9D1-C817-409F-B52E-C2A00E7EBC25}.Debug|x86.Build.0 = Debug|Any CPU
		{B841B9D1-C817-409F-B52E-C2A00E7EBC25}.Release|Any CPU.ActiveCfg = Release|Any CPU
		{B841B9D1-C817-409F-B52E-C2A00E7EBC25}.Release|Any CPU.Build.0 = Release|Any CPU
		{B841B9D1-C817-409F-B52E-C2A00E7EBC25}.Release|Mixed Platforms.ActiveCfg = Release|Any CPU
		{B841B9D1-C817-409F-B52E-C2A00E7EBC25}.Release|Mixed Platforms.Build.0 = Release|Any CPU
		{B841B9D1-C817-409F-B52E-C2A00E7EBC25}.Release|x64.ActiveCfg = Release|Any CPU
		{B841B9D1-C817-409F-B52E-C2A00E7EBC25}.Release|x86.ActiveCfg = Release|Any CPU
		{8008A426-5C43-44DD-9AF1-E73B5D058990}.Debug|Any CPU.ActiveCfg = Debug|Any CPU
		{8008A426-5C43-44DD-9AF1-E73B5D058990}.Debug|Any CPU.Build.0 = Debug|Any CPU
		{8008A426-5C43-44DD-9AF1-E73B5D058990}.Debug|Mixed Platforms.ActiveCfg = Debug|Any CPU
		{8008A426-5C43-44DD-9AF1-E73B5D058990}.Debug|Mixed Platforms.Build.0 = Debug|Any CPU
		{8008A426-5C43-44DD-9AF1-E73B5D058990}.Debug|x64.ActiveCfg = Debug|Any CPU
		{8008A426-5C43-44DD-9AF1-E73B5D058990}.Debug|x86.ActiveCfg = Debug|Any CPU
		{8008A426-5C43-44DD-9AF1-E73B5D058990}.Release|Any CPU.ActiveCfg = Release|Any CPU
		{8008A426-5C43-44DD-9AF1-E73B5D058990}.Release|Any CPU.Build.0 = Release|Any CPU
		{8008A426-5C43-44DD-9AF1-E73B5D058990}.Release|Mixed Platforms.ActiveCfg = Release|Any CPU
		{8008A426-5C43-44DD-9AF1-E73B5D058990}.Release|Mixed Platforms.Build.0 = Release|Any CPU
		{8008A426-5C43-44DD-9AF1-E73B5D058990}.Release|x64.ActiveCfg = Release|Any CPU
		{8008A426-5C43-44DD-9AF1-E73B5D058990}.Release|x86.ActiveCfg = Release|Any CPU
		{950C10B3-E573-4B55-BF99-FDAEB4460BEB}.Debug|Any CPU.ActiveCfg = Debug|Win32
		{950C10B3-E573-4B55-BF99-FDAEB4460BEB}.Debug|Mixed Platforms.ActiveCfg = Debug|Win32
		{950C10B3-E573-4B55-BF99-FDAEB4460BEB}.Debug|Mixed Platforms.Build.0 = Debug|Win32
		{950C10B3-E573-4B55-BF99-FDAEB4460BEB}.Debug|x64.ActiveCfg = Debug|x64
		{950C10B3-E573-4B55-BF99-FDAEB4460BEB}.Debug|x64.Build.0 = Debug|x64
		{950C10B3-E573-4B55-BF99-FDAEB4460BEB}.Debug|x86.ActiveCfg = Debug|Win32
		{950C10B3-E573-4B55-BF99-FDAEB4460BEB}.Debug|x86.Build.0 = Debug|Win32
		{950C10B3-E573-4B55-BF99-FDAEB4460BEB}.Release|Any CPU.ActiveCfg = Release|Win32
		{950C10B3-E573-4B55-BF99-FDAEB4460BEB}.Release|Mixed Platforms.ActiveCfg = Release|Win32
		{950C10B3-E573-4B55-BF99-FDAEB4460BEB}.Release|Mixed Platforms.Build.0 = Release|Win32
		{950C10B3-E573-4B55-BF99-FDAEB4460BEB}.Release|x64.ActiveCfg = Release|x64
		{950C10B3-E573-4B55-BF99-FDAEB4460BEB}.Release|x64.Build.0 = Release|x64
		{950C10B3-E573-4B55-BF99-FDAEB4460BEB}.Release|x86.ActiveCfg = Release|Win32
		{950C10B3-E573-4B55-BF99-FDAEB4460BEB}.Release|x86.Build.0 = Release|Win32
	EndGlobalSection
	GlobalSection(SolutionProperties) = preSolution
		HideSolutionNode = FALSE
	EndGlobalSection
EndGlobal
